
Microsoft Visual Studio Solution File, Format Version 12.00
# Visual Studio Version 17
VisualStudioVersion = 17.9.34714.143
MinimumVisualStudioVersion = 10.0.40219.1
Project("{9A19103F-16F7-4668-BE54-9A1E7A4F7556}") = "HPPH", "HPPH\HPPH.csproj", "{FDC79AD8-26FF-4EA4-B1FF-7D4818F57A79}"
EndProject
Project("{9A19103F-16F7-4668-BE54-9A1E7A4F7556}") = "HPPH.Test", "HPPH.Test\HPPH.Test.csproj", "{11795808-7916-4EAA-A69A-B09FEF46F71D}"
EndProject
Project("{9A19103F-16F7-4668-BE54-9A1E7A4F7556}") = "HPPH.Benchmark", "HPPH.Benchmark\HPPH.Benchmark.csproj", "{233CFF7C-DDA4-4450-AB88-17C1B58EBFB5}"
EndProject
Project("{9A19103F-16F7-4668-BE54-9A1E7A4F7556}") = "HPPH.Reference", "HPPH.Reference\HPPH.Reference.csproj", "{1675FE68-1F51-4202-9567-BB46215B2BBD}"
EndProject
Project("{9A19103F-16F7-4668-BE54-9A1E7A4F7556}") = "HPPH.Generators", "HPPH.Generators\HPPH.Generators.csproj", "{C247512B-E6D2-4591-8AFA-F2268F1AEAB2}"
EndProject
Project("{FAE04EC0-301F-11D3-BF4B-00C04F79EFBC}") = "HPPH.System.Drawing", "HPPH.System.Drawing\HPPH.System.Drawing.csproj", "{16EC37E4-3EF1-47AF-B257-465334B36571}"
EndProject
Global
	GlobalSection(SolutionConfigurationPlatforms) = preSolution
		Debug|Any CPU = Debug|Any CPU
		Release|Any CPU = Release|Any CPU
	EndGlobalSection
	GlobalSection(ProjectConfigurationPlatforms) = postSolution
		{FDC79AD8-26FF-4EA4-B1FF-7D4818F57A79}.Debug|Any CPU.ActiveCfg = Debug|Any CPU
		{FDC79AD8-26FF-4EA4-B1FF-7D4818F57A79}.Debug|Any CPU.Build.0 = Debug|Any CPU
		{FDC79AD8-26FF-4EA4-B1FF-7D4818F57A79}.Release|Any CPU.ActiveCfg = Release|Any CPU
		{FDC79AD8-26FF-4EA4-B1FF-7D4818F57A79}.Release|Any CPU.Build.0 = Release|Any CPU
		{11795808-7916-4EAA-A69A-B09FEF46F71D}.Debug|Any CPU.ActiveCfg = Debug|Any CPU
		{11795808-7916-4EAA-A69A-B09FEF46F71D}.Debug|Any CPU.Build.0 = Debug|Any CPU
		{11795808-7916-4EAA-A69A-B09FEF46F71D}.Release|Any CPU.ActiveCfg = Release|Any CPU
		{11795808-7916-4EAA-A69A-B09FEF46F71D}.Release|Any CPU.Build.0 = Release|Any CPU
		{233CFF7C-DDA4-4450-AB88-17C1B58EBFB5}.Debug|Any CPU.ActiveCfg = Debug|Any CPU
		{233CFF7C-DDA4-4450-AB88-17C1B58EBFB5}.Debug|Any CPU.Build.0 = Debug|Any CPU
		{233CFF7C-DDA4-4450-AB88-17C1B58EBFB5}.Release|Any CPU.ActiveCfg = Release|Any CPU
		{233CFF7C-DDA4-4450-AB88-17C1B58EBFB5}.Release|Any CPU.Build.0 = Release|Any CPU
		{1675FE68-1F51-4202-9567-BB46215B2BBD}.Debug|Any CPU.ActiveCfg = Debug|Any CPU
		{1675FE68-1F51-4202-9567-BB46215B2BBD}.Debug|Any CPU.Build.0 = Debug|Any CPU
		{1675FE68-1F51-4202-9567-BB46215B2BBD}.Release|Any CPU.ActiveCfg = Release|Any CPU
		{1675FE68-1F51-4202-9567-BB46215B2BBD}.Release|Any CPU.Build.0 = Release|Any CPU
		{C247512B-E6D2-4591-8AFA-F2268F1AEAB2}.Debug|Any CPU.ActiveCfg = Debug|Any CPU
		{C247512B-E6D2-4591-8AFA-F2268F1AEAB2}.Debug|Any CPU.Build.0 = Debug|Any CPU
		{C247512B-E6D2-4591-8AFA-F2268F1AEAB2}.Release|Any CPU.ActiveCfg = Release|Any CPU
		{C247512B-E6D2-4591-8AFA-F2268F1AEAB2}.Release|Any CPU.Build.0 = Release|Any CPU
		{16EC37E4-3EF1-47AF-B257-465334B36571}.Debug|Any CPU.ActiveCfg = Debug|Any CPU
		{16EC37E4-3EF1-47AF-B257-465334B36571}.Debug|Any CPU.Build.0 = Debug|Any CPU
		{16EC37E4-3EF1-47AF-B257-465334B36571}.Release|Any CPU.ActiveCfg = Release|Any CPU
		{16EC37E4-3EF1-47AF-B257-465334B36571}.Release|Any CPU.Build.0 = Release|Any CPU
	EndGlobalSection
	GlobalSection(SolutionProperties) = preSolution
		HideSolutionNode = FALSE
	EndGlobalSection
	GlobalSection(ExtensibilityGlobals) = postSolution
		SolutionGuid = {EAF6CA55-D81E-4887-9FAC-8D633BBC0096}
	EndGlobalSection
EndGlobal
